
Microsoft Visual Studio Solution File, Format Version 12.00
# Visual Studio Version 16
VisualStudioVersion = 16.0.30413.136
MinimumVisualStudioVersion = 10.0.40219.1
Project("{FAE04EC0-301F-11D3-BF4B-00C04F79EFBC}") = "AES", "AES.csproj", "{A7FB8643-07B4-4A94-9C5B-1BF6002FE523}"
EndProject
Global
	GlobalSection(SolutionConfigurationPlatforms) = preSolution
		Debug|Any CPU = Debug|Any CPU
		Release|Any CPU = Release|Any CPU
	EndGlobalSection
	GlobalSection(ProjectConfigurationPlatforms) = postSolution
		{A7FB8643-07B4-4A94-9C5B-1BF6002FE523}.Debug|Any CPU.ActiveCfg = Debug|Any CPU
		{A7FB8643-07B4-4A94-9C5B-1BF6002FE523}.Debug|Any CPU.Build.0 = Debug|Any CPU
		{A7FB8643-07B4-4A94-9C5B-1BF6002FE523}.Release|Any CPU.ActiveCfg = Release|Any CPU
		{A7FB8643-07B4-4A94-9C5B-1BF6002FE523}.Release|Any CPU.Build.0 = Release|Any CPU
	EndGlobalSection
	GlobalSection(SolutionProperties) = preSolution
		HideSolutionNode = FALSE
	EndGlobalSection
	GlobalSection(ExtensibilityGlobals) = postSolution
		SolutionGuid = {19093BD0-6F92-4D9B-81E1-8F0290C609BD}
	EndGlobalSection
EndGlobal
