
Microsoft Visual Studio Solution File, Format Version 12.00
# Visual Studio Version 16
VisualStudioVersion = 16.0.30413.136
MinimumVisualStudioVersion = 10.0.40219.1
Project("{FAE04EC0-301F-11D3-BF4B-00C04F79EFBC}") = "Archiver", "Archiver.csproj", "{36757C33-01AA-4046-B465-0D9AF189E704}"
EndProject
Global
	GlobalSection(SolutionConfigurationPlatforms) = preSolution
		Debug|Any CPU = Debug|Any CPU
		Release|Any CPU = Release|Any CPU
	EndGlobalSection
	GlobalSection(ProjectConfigurationPlatforms) = postSolution
		{36757C33-01AA-4046-B465-0D9AF189E704}.Debug|Any CPU.ActiveCfg = Debug|Any CPU
		{36757C33-01AA-4046-B465-0D9AF189E704}.Debug|Any CPU.Build.0 = Debug|Any CPU
		{36757C33-01AA-4046-B465-0D9AF189E704}.Release|Any CPU.ActiveCfg = Release|Any CPU
		{36757C33-01AA-4046-B465-0D9AF189E704}.Release|Any CPU.Build.0 = Release|Any CPU
	EndGlobalSection
	GlobalSection(SolutionProperties) = preSolution
		HideSolutionNode = FALSE
	EndGlobalSection
	GlobalSection(ExtensibilityGlobals) = postSolution
		SolutionGuid = {0DACF512-2CEC-47B6-8AD0-425A1C1ACF24}
	EndGlobalSection
EndGlobal
